
Microsoft Visual Studio Solution File, Format Version 12.00
# Visual Studio 14
VisualStudioVersion = 14.0.25420.1
MinimumVisualStudioVersion = 10.0.40219.1
Project("{FAE04EC0-301F-11D3-BF4B-00C04F79EFBC}") = "Ticketmaster.FizzBuzz.Tests", "Ticketmaster.FizzBuzz.Tests\Ticketmaster.FizzBuzz.Tests.csproj", "{819B2085-3804-4258-ACE6-EC6FB7FE197D}"
EndProject
Project("{FAE04EC0-301F-11D3-BF4B-00C04F79EFBC}") = "Ticketmaster.FizzBuzz.Api", "Ticketmaster.FizzBuzz.Api\Ticketmaster.FizzBuzz.Api.csproj", "{9B67CE74-584D-43D1-8A03-6BCFB28085CD}"
EndProject
Project("{FAE04EC0-301F-11D3-BF4B-00C04F79EFBC}") = "Ticketmaster.FizzBuzz", "Ticketmaster.FizzBuzz\Ticketmaster.FizzBuzz.csproj", "{BD714104-A03B-4369-B36F-638A0CB753E0}"
EndProject
Global
	GlobalSection(SolutionConfigurationPlatforms) = preSolution
		Debug|Any CPU = Debug|Any CPU
		Release|Any CPU = Release|Any CPU
	EndGlobalSection
	GlobalSection(ProjectConfigurationPlatforms) = postSolution
		{819B2085-3804-4258-ACE6-EC6FB7FE197D}.Debug|Any CPU.ActiveCfg = Debug|Any CPU
		{819B2085-3804-4258-ACE6-EC6FB7FE197D}.Debug|Any CPU.Build.0 = Debug|Any CPU
		{819B2085-3804-4258-ACE6-EC6FB7FE197D}.Release|Any CPU.ActiveCfg = Release|Any CPU
		{819B2085-3804-4258-ACE6-EC6FB7FE197D}.Release|Any CPU.Build.0 = Release|Any CPU
		{9B67CE74-584D-43D1-8A03-6BCFB28085CD}.Debug|Any CPU.ActiveCfg = Debug|Any CPU
		{9B67CE74-584D-43D1-8A03-6BCFB28085CD}.Debug|Any CPU.Build.0 = Debug|Any CPU
		{9B67CE74-584D-43D1-8A03-6BCFB28085CD}.Release|Any CPU.ActiveCfg = Release|Any CPU
		{9B67CE74-584D-43D1-8A03-6BCFB28085CD}.Release|Any CPU.Build.0 = Release|Any CPU
		{BD714104-A03B-4369-B36F-638A0CB753E0}.Debug|Any CPU.ActiveCfg = Debug|Any CPU
		{BD714104-A03B-4369-B36F-638A0CB753E0}.Debug|Any CPU.Build.0 = Debug|Any CPU
		{BD714104-A03B-4369-B36F-638A0CB753E0}.Release|Any CPU.ActiveCfg = Release|Any CPU
		{BD714104-A03B-4369-B36F-638A0CB753E0}.Release|Any CPU.Build.0 = Release|Any CPU
	EndGlobalSection
	GlobalSection(SolutionProperties) = preSolution
		HideSolutionNode = FALSE
	EndGlobalSection
EndGlobal
